
Microsoft Visual Studio Solution File, Format Version 12.00
# Visual Studio 2012
Project("{FAE04EC0-301F-11D3-BF4B-00C04F79EFBC}") = "upgradeControls", "upgradeControls\upgradeControls.csproj", "{5E2ABD4F-C3B0-4E74-A282-2AF4E4704ECB}"
EndProject
Global
	GlobalSection(SolutionConfigurationPlatforms) = preSolution
		Debug|Any CPU = Debug|Any CPU
		Release|Any CPU = Release|Any CPU
	EndGlobalSection
	GlobalSection(ProjectConfigurationPlatforms) = postSolution
		{5E2ABD4F-C3B0-4E74-A282-2AF4E4704ECB}.Debug|Any CPU.ActiveCfg = Debug|Any CPU
		{5E2ABD4F-C3B0-4E74-A282-2AF4E4704ECB}.Debug|Any CPU.Build.0 = Debug|Any CPU
		{5E2ABD4F-C3B0-4E74-A282-2AF4E4704ECB}.Release|Any CPU.ActiveCfg = Release|Any CPU
		{5E2ABD4F-C3B0-4E74-A282-2AF4E4704ECB}.Release|Any CPU.Build.0 = Release|Any CPU
	EndGlobalSection
	GlobalSection(SolutionProperties) = preSolution
		HideSolutionNode = FALSE
	EndGlobalSection
EndGlobal
